lockfileVersion: '9.0'

settings:
  autoInstallPeers: true
  excludeLinksFromLockfile: false

importers:

  .:
    devDependencies:
      '@types/node':
        specifier: ^24.0.13
        version: 24.0.13
      tsdown:
        specifier: ^0.12.9
        version: 0.12.9(typescript@5.8.3)
      typescript:
        specifier: ^5.8.3
        version: 5.8.3

  packages/demo-package:
    dependencies:
      unstorage:
        specifier: ^1.15.0
        version: 1.16.0
    devDependencies:
      tsdown:
        specifier: ^0.12.9
        version: 0.12.9(typescript@5.8.3)
      typescript:
        specifier: ^5.8.3
        version: 5.8.3

packages:

  '@babel/generator@7.28.0':
    resolution: {integrity: sha512-lJjzvrbEeWrhB4P3QBsH7tey117PjLZnDbLiQEKjQ/fNJTjuq4HSqgFA+UNSwZT8D7dxxbnuSBMsa1lrWzKlQg==}
    engines: {node: '>=6.9.0'}

  '@babel/helper-string-parser@7.27.1':
    resolution: {integrity: sha512-qMlSxKbpRlAridDExk92nSobyDdpPijUq2DW6oDnUqd0iOGxmQjyqhMIihI9+zv4LPyZdRje2cavWPbCbWm3eA==}
    engines: {node: '>=6.9.0'}

  '@babel/helper-validator-identifier@7.27.1':
    resolution: {integrity: sha512-D2hP9eA+Sqx1kBZgzxZh0y1trbuU+JoDkiEwqhQ36nodYqJwyEIhPSdMNd7lOm/4io72luTPWH20Yda0xOuUow==}
    engines: {node: '>=6.9.0'}

  '@babel/parser@7.28.0':
    resolution: {integrity: sha512-jVZGvOxOuNSsuQuLRTh13nU0AogFlw32w/MT+LV6D3sP5WdbW61E77RnkbaO2dUvmPAYrBDJXGn5gGS6tH4j8g==}
    engines: {node: '>=6.0.0'}
    hasBin: true

  '@babel/types@7.28.1':
    resolution: {integrity: sha512-x0LvFTekgSX+83TI28Y9wYPUfzrnl2aT5+5QLnO6v7mSJYtEEevuDRN0F0uSHRk1G1IWZC43o00Y0xDDrpBGPQ==}
    engines: {node: '>=6.9.0'}

  '@emnapi/core@1.4.4':
    resolution: {integrity: sha512-A9CnAbC6ARNMKcIcrQwq6HeHCjpcBZ5wSx4U01WXCqEKlrzB9F9315WDNHkrs2xbx7YjjSxbUYxuN6EQzpcY2g==}

  '@emnapi/runtime@1.4.4':
    resolution: {integrity: sha512-hHyapA4A3gPaDCNfiqyZUStTMqIkKRshqPIuDOXv1hcBnD4U3l8cP0T1HMCfGRxQ6V64TGCcoswChANyOAwbQg==}

  '@emnapi/wasi-threads@1.0.3':
    resolution: {integrity: sha512-8K5IFFsQqF9wQNJptGbS6FNKgUTsSRYnTqNCG1vPP8jFdjSv18n2mQfJpkt2Oibo9iBEzcDnDxNwKTzC7svlJw==}

  '@jridgewell/gen-mapping@0.3.12':
    resolution: {integrity: sha512-OuLGC46TjB5BbN1dH8JULVVZY4WTdkF7tV9Ys6wLL1rubZnCMstOhNHueU5bLCrnRuDhKPDM4g6sw4Bel5Gzqg==}

  '@jridgewell/resolve-uri@3.1.2':
    resolution: {integrity: sha512-bRISgCIjP20/tbWSPWMEi54QVPRZExkuD9lJL+UIxUKtwVJA8wW1Trb1jMs1RFXo1CBTNZ/5hpC9QvmKWdopKw==}
    engines: {node: '>=6.0.0'}

  '@jridgewell/sourcemap-codec@1.5.4':
    resolution: {integrity: sha512-VT2+G1VQs/9oz078bLrYbecdZKs912zQlkelYpuf+SXF+QvZDYJlbx/LSx+meSAwdDFnF8FVXW92AVjjkVmgFw==}

  '@jridgewell/trace-mapping@0.3.29':
    resolution: {integrity: sha512-uw6guiW/gcAGPDhLmd77/6lW8QLeiV5RUTsAX46Db6oLhGaVj4lhnPwb184s1bkc8kdVg/+h988dro8GRDpmYQ==}

  '@napi-rs/wasm-runtime@0.2.12':
    resolution: {integrity: sha512-ZVWUcfwY4E/yPitQJl481FjFo3K22D6qF0DuFH6Y/nbnE11GY5uguDxZMGXPQ8WQ0128MXQD7TnfHyK4oWoIJQ==}

  '@oxc-project/runtime@0.76.0':
    resolution: {integrity: sha512-17iezP/BukiovZZR7lp6fZZjNTOmodCWQKkI7sn2sOB1TiccRWzO2bpxnE94jhg8l+nBRMrwnM/cjFCr23winw==}
    engines: {node: '>=6.9.0'}

  '@oxc-project/types@0.76.0':
    resolution: {integrity: sha512-CH3THIrSViKal8yV/Wh3FK0pFhp40nzW1MUDCik9fNuid2D/7JJXKJnfFOAvMxInGXDlvmgT6ACAzrl47TqzkQ==}

  '@quansync/fs@0.1.3':
    resolution: {integrity: sha512-G0OnZbMWEs5LhDyqy2UL17vGhSVHkQIfVojMtEWVenvj0V5S84VBgy86kJIuNsGDp2p7sTKlpSIpBUWdC35OKg==}
    engines: {node: '>=20.0.0'}

  '@rolldown/binding-darwin-arm64@1.0.0-beta.26':
    resolution: {integrity: sha512-I73Ej+PVoCJiYQHpy45CHKkLgFqrYv9O1CUJs6TIav6f8f9WAVeN/k0YXrs0tgMO20AfsyEN8zenz2wprVWOYQ==}
    cpu: [arm64]
    os: [darwin]

  '@rolldown/binding-darwin-x64@1.0.0-beta.26':
    resolution: {integrity: sha512-IcXzfO2/9bnm6WfCNmGxBiD1kQQdA0pTjjGcjvglUub8H6RlEY0tz+IIQxUirsl/++84S0PkCuafAxZi8Am8fg==}
    cpu: [x64]
    os: [darwin]

  '@rolldown/binding-freebsd-x64@1.0.0-beta.26':
    resolution: {integrity: sha512-foLJNqEFdvwFm2MXDFxgywxJMic+wovbpEyszlz5K/sUbN7sP2+NJ7MZAUMHuggiswB4Rt1HqRLYKy26zJev8g==}
    cpu: [x64]
    os: [freebsd]

  '@rolldown/binding-linux-arm-gnueabihf@1.0.0-beta.26':
    resolution: {integrity: sha512-1BWDpLtujfZCvWAcfIamqHGWo2+VnPWvpZQR0DL5qNit6cu3FC0sRZ+bZzTUK0QWDTA7nUy5RR9fUTL2PQxH2g==}
    cpu: [arm]
    os: [linux]

  '@rolldown/binding-linux-arm64-gnu@1.0.0-beta.26':
    resolution: {integrity: sha512-lg6DVwciFb7sIw0ONDHeLhRuFQl/wz+J26bxfVOVzVoQ7Zgl07gDklv7q96W7SRDAjlG/20flBOexdiPim/I3g==}
    cpu: [arm64]
    os: [linux]
    libc: [glibc]

  '@rolldown/binding-linux-arm64-musl@1.0.0-beta.26':
    resolution: {integrity: sha512-0X14trOBVtU13Y0XYeb8EvOvb3/TxJVOmalDakEID/UUX9qkvOmlU0fvoDVmsnhH6yx23bDlpmOj0f8V3BCgIw==}
    cpu: [arm64]
    os: [linux]
    libc: [musl]

  '@rolldown/binding-linux-x64-gnu@1.0.0-beta.26':
    resolution: {integrity: sha512-stb8XloM+N3hSKUs6kS5tNqrlTGsCoYuh9emFZtTovfFzzdFYevgXoOdeGoXv9KkPh5B7MOMl4/7c+WaX46Opg==}
    cpu: [x64]
    os: [linux]
    libc: [glibc]

  '@rolldown/binding-linux-x64-musl@1.0.0-beta.26':
    resolution: {integrity: sha512-5udEpAS5IUy2t74d/m40JUYyk3Ga8QXQDvK7eGqDDOwz8/7Piq0kCwmNuLnpSRiqbXNP8mnVlvtIcASJUEtRPA==}
    cpu: [x64]
    os: [linux]
    libc: [musl]

  '@rolldown/binding-wasm32-wasi@1.0.0-beta.26':
    resolution: {integrity: sha512-Is5tTdScXXQzslj7+jCFncPoRNARJ/+fYt/C9+Yx0QQ67/m8pGPLFoCzIKmJQZ8QHzOfq5ML4CQlMgBbCFlZqQ==}
    engines: {node: '>=14.21.3'}
    cpu: [wasm32]

  '@rolldown/binding-win32-arm64-msvc@1.0.0-beta.26':
    resolution: {integrity: sha512-bH+TB+/8Z/95cxGws0fH995HsbsopVYdGcuM1Z/Hnqe7KPLkhqkubsambHQYd1V/QNbLzAgJ0nMAFLyBrwFZZQ==}
    cpu: [arm64]
    os: [win32]

  '@rolldown/binding-win32-ia32-msvc@1.0.0-beta.26':
    resolution: {integrity: sha512-Nsg7ZzfwLHwKGneuNHEpqdBekmZA5pzVOuFx5R8EVyva8dg+sgtDHQRmiVSVYe25YYISNFXDSuHKwNhrWI4HWA==}
    cpu: [ia32]
    os: [win32]

  '@rolldown/binding-win32-x64-msvc@1.0.0-beta.26':
    resolution: {integrity: sha512-NE5Btf10Fu3IbpHxrlRkgcO/d05iEpbIiP/XdMYW7Lc9BGSgE4f8njUHnM0V2XJKyXkC1fqv/uHSEw2dCNgzxQ==}
    cpu: [x64]
    os: [win32]

  '@rolldown/pluginutils@1.0.0-beta.26':
    resolution: {integrity: sha512-r/5po89voz/QRPDmoErL10+hVuTAuz1SHvokx+yWBlOIPB5C41jC7QhLqq9kaebx/+EHyoV3z22/qBfX81Ns8A==}

  '@tybys/wasm-util@0.10.0':
    resolution: {integrity: sha512-VyyPYFlOMNylG45GoAe0xDoLwWuowvf92F9kySqzYh8vmYm7D2u4iUJKa1tOUpS70Ku13ASrOkS4ScXFsTaCNQ==}

  '@types/node@24.0.13':
    resolution: {integrity: sha512-Qm9OYVOFHFYg3wJoTSrz80hoec5Lia/dPp84do3X7dZvLikQvM1YpmvTBEdIr/e+U8HTkFjLHLnl78K/qjf+jQ==}

  ansis@4.1.0:
    resolution: {integrity: sha512-BGcItUBWSMRgOCe+SVZJ+S7yTRG0eGt9cXAHev72yuGcY23hnLA7Bky5L/xLyPINoSN95geovfBkqoTlNZYa7w==}
    engines: {node: '>=14'}

  anymatch@3.1.3:
    resolution: {integrity: sha512-KMReFUr0B4t+D+OBkjR3KYqvocp2XaSzO55UcB6mgQMd3KbcE+mWTyvVV7D/zsdEbNnV6acZUutkiHQXvTr1Rw==}
    engines: {node: '>= 8'}

  ast-kit@2.1.1:
    resolution: {integrity: sha512-mfh6a7gKXE8pDlxTvqIc/syH/P3RkzbOF6LeHdcKztLEzYe6IMsRCL7N8vI7hqTGWNxpkCuuRTpT21xNWqhRtQ==}
    engines: {node: '>=20.18.0'}

  birpc@2.4.0:
    resolution: {integrity: sha512-5IdNxTyhXHv2UlgnPHQ0h+5ypVmkrYHzL8QT+DwFZ//2N/oNV8Ch+BCRmTJ3x6/z9Axo/cXYBc9eprsUVK/Jsg==}

  cac@6.7.14:
    resolution: {integrity: sha512-b6Ilus+c3RrdDk+JhLKUAQfzzgLEPy6wcXqS7f/xe1EETvsDP6GORG7SFuOs6cID5YkqchW/LXZbX5bc8j7ZcQ==}
    engines: {node: '>=8'}

  chokidar@4.0.3:
    resolution: {integrity: sha512-Qgzu8kfBvo+cA4962jnP1KkS6Dop5NS6g7R5LFYJr4b8Ub94PPQXUksCw9PvXoeXPRRddRNC5C1JQUR2SMGtnA==}
    engines: {node: '>= 14.16.0'}

  cookie-es@1.2.2:
    resolution: {integrity: sha512-+W7VmiVINB+ywl1HGXJXmrqkOhpKrIiVZV6tQuV54ZyQC7MMuBt81Vc336GMLoHBq5hV/F9eXgt5Mnx0Rha5Fg==}

  crossws@0.3.5:
    resolution: {integrity: sha512-ojKiDvcmByhwa8YYqbQI/hg7MEU0NC03+pSdEq4ZUnZR9xXpwk7E43SMNGkn+JxJGPFtNvQ48+vV2p+P1ml5PA==}

  debug@4.4.1:
    resolution: {integrity: sha512-KcKCqiftBJcZr++7ykoDIEwSa3XWowTfNPo92BYxjXiyYEVrUQh2aLyhxBCwww+heortUFxEJYcRzosstTEBYQ==}
    engines: {node: '>=6.0'}
    peerDependencies:
      supports-color: '*'
    peerDependenciesMeta:
      supports-color:
        optional: true

  defu@6.1.4:
    resolution: {integrity: sha512-mEQCMmwJu317oSz8CwdIOdwf3xMif1ttiM8LTufzc3g6kR+9Pe236twL8j3IYT1F7GfRgGcW6MWxzZjLIkuHIg==}

  destr@2.0.5:
    resolution: {integrity: sha512-ugFTXCtDZunbzasqBxrK93Ik/DRYsO6S/fedkWEMKqt04xZ4csmnmwGDBAb07QWNaGMAmnTIemsYZCksjATwsA==}

  diff@8.0.2:
    resolution: {integrity: sha512-sSuxWU5j5SR9QQji/o2qMvqRNYRDOcBTgsJ/DeCf4iSN4gW+gNMXM7wFIP+fdXZxoNiAnHUTGjCr+TSWXdRDKg==}
    engines: {node: '>=0.3.1'}

  dts-resolver@2.1.1:
    resolution: {integrity: sha512-3BiGFhB6mj5Kv+W2vdJseQUYW+SKVzAFJL6YNP6ursbrwy1fXHRotfHi3xLNxe4wZl/K8qbAFeCDjZLjzqxxRw==}
    engines: {node: '>=20.18.0'}
    peerDependencies:
      oxc-resolver: '>=11.0.0'
    peerDependenciesMeta:
      oxc-resolver:
        optional: true

  empathic@2.0.0:
    resolution: {integrity: sha512-i6UzDscO/XfAcNYD75CfICkmfLedpyPDdozrLMmQc5ORaQcdMoc21OnlEylMIqI7U8eniKrPMxxtj8k0vhmJhA==}
    engines: {node: '>=14'}

  fdir@6.4.6:
    resolution: {integrity: sha512-hiFoqpyZcfNm1yc4u8oWCf9A2c4D3QjCrks3zmoVKVxpQRzmPNar1hUJcBG2RQHvEVGDN+Jm81ZheVLAQMK6+w==}
    peerDependencies:
      picomatch: ^3 || ^4
    peerDependenciesMeta:
      picomatch:
        optional: true

  get-tsconfig@4.10.1:
    resolution: {integrity: sha512-auHyJ4AgMz7vgS8Hp3N6HXSmlMdUyhSUrfBF16w153rxtLIEOE+HGqaBppczZvnHLqQJfiHotCYpNhl0lUROFQ==}

  h3@1.15.3:
    resolution: {integrity: sha512-z6GknHqyX0h9aQaTx22VZDf6QyZn+0Nh+Ym8O/u0SGSkyF5cuTJYKlc8MkzW3Nzf9LE1ivcpmYC3FUGpywhuUQ==}

  hookable@5.5.3:
    resolution: {integrity: sha512-Yc+BQe8SvoXH1643Qez1zqLRmbA5rCL+sSmk6TVos0LWVfNIB7PGncdlId77WzLGSIB5KaWgTaNTs2lNVEI6VQ==}

  iron-webcrypto@1.2.1:
    resolution: {integrity: sha512-feOM6FaSr6rEABp/eDfVseKyTMDt+KGpeB35SkVn9Tyn0CqvVsY3EwI0v5i8nMHyJnzCIQf7nsy3p41TPkJZhg==}

  jiti@2.4.2:
    resolution: {integrity: sha512-rg9zJN+G4n2nfJl5MW3BMygZX56zKPNVEYYqq7adpmMh4Jn2QNEwhvQlFy6jPVdcod7txZtKHWnyZiA3a0zP7A==}
    hasBin: true

  jsesc@3.1.0:
    resolution: {integrity: sha512-/sM3dO2FOzXjKQhJuo0Q173wf2KOo8t4I8vHy6lF9poUp7bKT0/NHE8fPX23PwfhnykfqnC2xRxOnVw5XuGIaA==}
    engines: {node: '>=6'}
    hasBin: true

  lru-cache@10.4.3:
    resolution: {integrity: sha512-JNAzZcXrCt42VGLuYz0zfAzDfAvJWW6AfYlDBQyDV5DClI2m5sAmK+OIO7s59XfsRsWHp02jAJrRadPRGTt6SQ==}

  ms@2.1.3:
    resolution: {integrity: sha512-6FlzubTLZG3J2a/NVCAleEhjzq5oxgHyaCU9yYXvcLsvoVaHJq/s5xXI6/XXP6tz7R9xAOtHnSO/tXtF3WRTlA==}

  node-fetch-native@1.6.6:
    resolution: {integrity: sha512-8Mc2HhqPdlIfedsuZoc3yioPuzp6b+L5jRCRY1QzuWZh2EGJVQrGppC6V6cF0bLdbW0+O2YpqCA25aF/1lvipQ==}

  node-mock-http@1.0.1:
    resolution: {integrity: sha512-0gJJgENizp4ghds/Ywu2FCmcRsgBTmRQzYPZm61wy+Em2sBarSka0OhQS5huLBg6od1zkNpnWMCZloQDFVvOMQ==}

  normalize-path@3.0.0:
    resolution: {integrity: sha512-6eZs5Ls3WtCisHWp9S2GUy8dqkpGi4BVSz3GaqiE6ezub0512ESztXUwUB6C6IKbQkY2Pnb/mD4WYojCRwcwLA==}
    engines: {node: '>=0.10.0'}

  ofetch@1.4.1:
    resolution: {integrity: sha512-QZj2DfGplQAr2oj9KzceK9Hwz6Whxazmn85yYeVuS3u9XTMOGMRx0kO95MQ+vLsj/S/NwBDMMLU5hpxvI6Tklw==}

  pathe@2.0.3:
    resolution: {integrity: sha512-WUjGcAqP1gQacoQe+OBJsFA7Ld4DyXuUIjZ5cc75cLHvJ7dtNsTugphxIADwspS+AraAUePCKrSVtPLFj/F88w==}

  picomatch@2.3.1:
    resolution: {integrity: sha512-JU3teHTNjmE2VCGFzuY8EXzCDVwEqB2a8fsIvwaStHhAWJEeVd1o1QD80CU6+ZdEXXSLbSsuLwJjkCBWqRQUVA==}
    engines: {node: '>=8.6'}

  picomatch@4.0.2:
    resolution: {integrity: sha512-M7BAV6Rlcy5u+m6oPhAPFgJTzAioX/6B0DxyvDlo9l8+T3nLKbrczg2WLUyzd45L8RqfUMyGPzekbMvX2Ldkwg==}
    engines: {node: '>=12'}

  quansync@0.2.10:
    resolution: {integrity: sha512-t41VRkMYbkHyCYmOvx/6URnN80H7k4X0lLdBMGsz+maAwrJQYB1djpV6vHrQIBE0WBSGqhtEHrK9U3DWWH8v7A==}

  radix3@1.1.2:
    resolution: {integrity: sha512-b484I/7b8rDEdSDKckSSBA8knMpcdsXudlE/LNL639wFoHKwLbEkQFZHWEYwDC0wa0FKUcCY+GAF73Z7wxNVFA==}

  readdirp@4.1.2:
    resolution: {integrity: sha512-GDhwkLfywWL2s6vEjyhri+eXmfH6j1L7JE27WhqLeYzoh/A3DBaYGEj2H/HFZCn/kMfim73FXxEJTw06WtxQwg==}
    engines: {node: '>= 14.18.0'}

  resolve-pkg-maps@1.0.0:
    resolution: {integrity: sha512-seS2Tj26TBVOC2NIc2rOe2y2ZO7efxITtLZcGSOnHHNOQ7CkiUBfw0Iw2ck6xkIhPwLhKNLS8BO+hEpngQlqzw==}

  rolldown-plugin-dts@0.13.13:
    resolution: {integrity: sha512-Nchx9nQoa4IpfQ/BJzodKMvtJ3H3dT322siAJSp3uvQJ+Pi1qgEjOp7hSQwGSQRhaC5gC+9hparbWEH5oiAL9Q==}
    engines: {node: '>=20.18.0'}
    peerDependencies:
      '@typescript/native-preview': '>=7.0.0-dev.20250601.1'
      rolldown: ^1.0.0-beta.9
      typescript: ^5.0.0
      vue-tsc: ~2.2.0
    peerDependenciesMeta:
      '@typescript/native-preview':
        optional: true
      typescript:
        optional: true
      vue-tsc:
        optional: true

  rolldown@1.0.0-beta.26:
    resolution: {integrity: sha512-2rad1JDFst/GD1J86RuqN1SIP8O8Xv4UbqNyKaVayXTjgF0D6HpvTnUZ1RQ6tANpZweGmq4v6Ay0uyRNEycFPw==}
    hasBin: true

  semver@7.7.2:
    resolution: {integrity: sha512-RF0Fw+rO5AMf9MAyaRXI4AV0Ulj5lMHqVxxdSgiVbixSCXoEmmX/jk0CuJw4+3SqroYO9VoUh+HcuJivvtJemA==}
    engines: {node: '>=10'}
    hasBin: true

  tinyexec@1.0.1:
    resolution: {integrity: sha512-5uC6DDlmeqiOwCPmK9jMSdOuZTh8bU39Ys6yidB+UTt5hfZUPGAypSgFRiEp+jbi9qH40BLDvy85jIU88wKSqw==}

  tinyglobby@0.2.14:
    resolution: {integrity: sha512-tX5e7OM1HnYr2+a2C/4V0htOcSQcoSTH9KgJnVvNm5zm/cyEWKJ7j7YutsH9CxMdtOkkLFy2AHrMci9IM8IPZQ==}
    engines: {node: '>=12.0.0'}

  tsdown@0.12.9:
    resolution: {integrity: sha512-MfrXm9PIlT3saovtWKf/gCJJ/NQCdE0SiREkdNC+9Qy6UHhdeDPxnkFaBD7xttVUmgp0yUHtGirpoLB+OVLuLA==}
    engines: {node: '>=18.0.0'}
    hasBin: true
    peerDependencies:
      '@arethetypeswrong/core': ^0.18.1
      publint: ^0.3.0
      typescript: ^5.0.0
      unplugin-lightningcss: ^0.4.0
      unplugin-unused: ^0.5.0
    peerDependenciesMeta:
      '@arethetypeswrong/core':
        optional: true
      publint:
        optional: true
      typescript:
        optional: true
      unplugin-lightningcss:
        optional: true
      unplugin-unused:
        optional: true

  tslib@2.8.1:
    resolution: {integrity: sha512-oJFu94HQb+KVduSUQL7wnpmqnfmLsOA/nAh6b6EH0wCEoK0/mPeXU6c3wKDV83MkOuHPRHtSXKKU99IBazS/2w==}

  typescript@5.8.3:
    resolution: {integrity: sha512-p1diW6TqL9L07nNxvRMM7hMMw4c5XOo/1ibL4aAIGmSAt9slTE1Xgw5KWuof2uTOvCg9BY7ZRi+GaF+7sfgPeQ==}
    engines: {node: '>=14.17'}
    hasBin: true

  ufo@1.6.1:
    resolution: {integrity: sha512-9a4/uxlTWJ4+a5i0ooc1rU7C7YOw3wT+UGqdeNNHWnOF9qcMBgLRS+4IYUqbczewFx4mLEig6gawh7X6mFlEkA==}

  unconfig@7.3.2:
    resolution: {integrity: sha512-nqG5NNL2wFVGZ0NA/aCFw0oJ2pxSf1lwg4Z5ill8wd7K4KX/rQbHlwbh+bjctXL5Ly1xtzHenHGOK0b+lG6JVg==}

  uncrypto@0.1.3:
    resolution: {integrity: sha512-Ql87qFHB3s/De2ClA9e0gsnS6zXG27SkTiSJwjCc9MebbfapQfuPzumMIUMi38ezPZVNFcHI9sUIepeQfw8J8Q==}

  undici-types@7.8.0:
    resolution: {integrity: sha512-9UJ2xGDvQ43tYyVMpuHlsgApydB8ZKfVYTsLDhXkFL/6gfkp+U8xTGdh8pMJv1SpZna0zxG1DwsKZsreLbXBxw==}

  unstorage@1.16.0:
    resolution: {integrity: sha512-WQ37/H5A7LcRPWfYOrDa1Ys02xAbpPJq6q5GkO88FBXVSQzHd7+BjEwfRqyaSWCv9MbsJy058GWjjPjcJ16GGA==}
    peerDependencies:
      '@azure/app-configuration': ^1.8.0
      '@azure/cosmos': ^4.2.0
      '@azure/data-tables': ^13.3.0
      '@azure/identity': ^4.6.0
      '@azure/keyvault-secrets': ^4.9.0
      '@azure/storage-blob': ^12.26.0
      '@capacitor/preferences': ^6.0.3 || ^7.0.0
      '@deno/kv': '>=0.9.0'
      '@netlify/blobs': ^6.5.0 || ^7.0.0 || ^8.1.0
      '@planetscale/database': ^1.19.0
      '@upstash/redis': ^1.34.3
      '@vercel/blob': '>=0.27.1'
      '@vercel/kv': ^1.0.1
      aws4fetch: ^1.0.20
      db0: '>=0.2.1'
      idb-keyval: ^6.2.1
      ioredis: ^5.4.2
      uploadthing: ^7.4.4
    peerDependenciesMeta:
      '@azure/app-configuration':
        optional: true
      '@azure/cosmos':
        optional: true
      '@azure/data-tables':
        optional: true
      '@azure/identity':
        optional: true
      '@azure/keyvault-secrets':
        optional: true
      '@azure/storage-blob':
        optional: true
      '@capacitor/preferences':
        optional: true
      '@deno/kv':
        optional: true
      '@netlify/blobs':
        optional: true
      '@planetscale/database':
        optional: true
      '@upstash/redis':
        optional: true
      '@vercel/blob':
        optional: true
      '@vercel/kv':
        optional: true
      aws4fetch:
        optional: true
      db0:
        optional: true
      idb-keyval:
        optional: true
      ioredis:
        optional: true
      uploadthing:
        optional: true

snapshots:

  '@babel/generator@7.28.0':
    dependencies:
      '@babel/parser': 7.28.0
      '@babel/types': 7.28.1
      '@jridgewell/gen-mapping': 0.3.12
      '@jridgewell/trace-mapping': 0.3.29
      jsesc: 3.1.0

  '@babel/helper-string-parser@7.27.1': {}

  '@babel/helper-validator-identifier@7.27.1': {}

  '@babel/parser@7.28.0':
    dependencies:
      '@babel/types': 7.28.1

  '@babel/types@7.28.1':
    dependencies:
      '@babel/helper-string-parser': 7.27.1
      '@babel/helper-validator-identifier': 7.27.1

  '@emnapi/core@1.4.4':
    dependencies:
      '@emnapi/wasi-threads': 1.0.3
      tslib: 2.8.1
    optional: true

  '@emnapi/runtime@1.4.4':
    dependencies:
      tslib: 2.8.1
    optional: true

  '@emnapi/wasi-threads@1.0.3':
    dependencies:
      tslib: 2.8.1
    optional: true

  '@jridgewell/gen-mapping@0.3.12':
    dependencies:
      '@jridgewell/sourcemap-codec': 1.5.4
      '@jridgewell/trace-mapping': 0.3.29

  '@jridgewell/resolve-uri@3.1.2': {}

  '@jridgewell/sourcemap-codec@1.5.4': {}

  '@jridgewell/trace-mapping@0.3.29':
    dependencies:
      '@jridgewell/resolve-uri': 3.1.2
      '@jridgewell/sourcemap-codec': 1.5.4

  '@napi-rs/wasm-runtime@0.2.12':
    dependencies:
      '@emnapi/core': 1.4.4
      '@emnapi/runtime': 1.4.4
      '@tybys/wasm-util': 0.10.0
    optional: true

  '@oxc-project/runtime@0.76.0': {}

  '@oxc-project/types@0.76.0': {}

  '@quansync/fs@0.1.3':
    dependencies:
      quansync: 0.2.10

  '@rolldown/binding-darwin-arm64@1.0.0-beta.26':
    optional: true

  '@rolldown/binding-darwin-x64@1.0.0-beta.26':
    optional: true

  '@rolldown/binding-freebsd-x64@1.0.0-beta.26':
    optional: true

  '@rolldown/binding-linux-arm-gnueabihf@1.0.0-beta.26':
    optional: true

  '@rolldown/binding-linux-arm64-gnu@1.0.0-beta.26':
    optional: true

  '@rolldown/binding-linux-arm64-musl@1.0.0-beta.26':
    optional: true

  '@rolldown/binding-linux-x64-gnu@1.0.0-beta.26':
    optional: true

  '@rolldown/binding-linux-x64-musl@1.0.0-beta.26':
    optional: true

  '@rolldown/binding-wasm32-wasi@1.0.0-beta.26':
    dependencies:
      '@napi-rs/wasm-runtime': 0.2.12
    optional: true

  '@rolldown/binding-win32-arm64-msvc@1.0.0-beta.26':
    optional: true

  '@rolldown/binding-win32-ia32-msvc@1.0.0-beta.26':
    optional: true

  '@rolldown/binding-win32-x64-msvc@1.0.0-beta.26':
    optional: true

  '@rolldown/pluginutils@1.0.0-beta.26': {}

  '@tybys/wasm-util@0.10.0':
    dependencies:
      tslib: 2.8.1
    optional: true

  '@types/node@24.0.13':
    dependencies:
      undici-types: 7.8.0

  ansis@4.1.0: {}

  anymatch@3.1.3:
    dependencies:
      normalize-path: 3.0.0
      picomatch: 2.3.1

  ast-kit@2.1.1:
    dependencies:
      '@babel/parser': 7.28.0
      pathe: 2.0.3

  birpc@2.4.0: {}

  cac@6.7.14: {}

  chokidar@4.0.3:
    dependencies:
      readdirp: 4.1.2

  cookie-es@1.2.2: {}

  crossws@0.3.5:
    dependencies:
      uncrypto: 0.1.3

  debug@4.4.1:
    dependencies:
      ms: 2.1.3

  defu@6.1.4: {}

  destr@2.0.5: {}

  diff@8.0.2: {}

  dts-resolver@2.1.1: {}

  empathic@2.0.0: {}

  fdir@6.4.6(picomatch@4.0.2):
    optionalDependencies:
      picomatch: 4.0.2

  get-tsconfig@4.10.1:
    dependencies:
      resolve-pkg-maps: 1.0.0

  h3@1.15.3:
    dependencies:
      cookie-es: 1.2.2
      crossws: 0.3.5
      defu: 6.1.4
      destr: 2.0.5
      iron-webcrypto: 1.2.1
      node-mock-http: 1.0.1
      radix3: 1.1.2
      ufo: 1.6.1
      uncrypto: 0.1.3

  hookable@5.5.3: {}

  iron-webcrypto@1.2.1: {}

  jiti@2.4.2: {}

  jsesc@3.1.0: {}

  lru-cache@10.4.3: {}

  ms@2.1.3: {}

  node-fetch-native@1.6.6: {}

  node-mock-http@1.0.1: {}

  normalize-path@3.0.0: {}

  ofetch@1.4.1:
    dependencies:
      destr: 2.0.5
      node-fetch-native: 1.6.6
      ufo: 1.6.1

  pathe@2.0.3: {}

  picomatch@2.3.1: {}

  picomatch@4.0.2: {}

  quansync@0.2.10: {}

  radix3@1.1.2: {}

  readdirp@4.1.2: {}

  resolve-pkg-maps@1.0.0: {}

  rolldown-plugin-dts@0.13.13(rolldown@1.0.0-beta.26)(typescript@5.8.3):
    dependencies:
      '@babel/generator': 7.28.0
      '@babel/parser': 7.28.0
      '@babel/types': 7.28.1
      ast-kit: 2.1.1
      birpc: 2.4.0
      debug: 4.4.1
      dts-resolver: 2.1.1
      get-tsconfig: 4.10.1
      rolldown: 1.0.0-beta.26
    optionalDependencies:
      typescript: 5.8.3
    transitivePeerDependencies:
      - oxc-resolver
      - supports-color

  rolldown@1.0.0-beta.26:
    dependencies:
      '@oxc-project/runtime': 0.76.0
      '@oxc-project/types': 0.76.0
      '@rolldown/pluginutils': 1.0.0-beta.26
      ansis: 4.1.0
    optionalDependencies:
      '@rolldown/binding-darwin-arm64': 1.0.0-beta.26
      '@rolldown/binding-darwin-x64': 1.0.0-beta.26
      '@rolldown/binding-freebsd-x64': 1.0.0-beta.26
      '@rolldown/binding-linux-arm-gnueabihf': 1.0.0-beta.26
      '@rolldown/binding-linux-arm64-gnu': 1.0.0-beta.26
      '@rolldown/binding-linux-arm64-musl': 1.0.0-beta.26
      '@rolldown/binding-linux-x64-gnu': 1.0.0-beta.26
      '@rolldown/binding-linux-x64-musl': 1.0.0-beta.26
      '@rolldown/binding-wasm32-wasi': 1.0.0-beta.26
      '@rolldown/binding-win32-arm64-msvc': 1.0.0-beta.26
      '@rolldown/binding-win32-ia32-msvc': 1.0.0-beta.26
      '@rolldown/binding-win32-x64-msvc': 1.0.0-beta.26

  semver@7.7.2: {}

  tinyexec@1.0.1: {}

  tinyglobby@0.2.14:
    dependencies:
      fdir: 6.4.6(picomatch@4.0.2)
      picomatch: 4.0.2

  tsdown@0.12.9(typescript@5.8.3):
    dependencies:
      ansis: 4.1.0
      cac: 6.7.14
      chokidar: 4.0.3
      debug: 4.4.1
      diff: 8.0.2
      empathic: 2.0.0
      hookable: 5.5.3
      rolldown: 1.0.0-beta.26
      rolldown-plugin-dts: 0.13.13(rolldown@1.0.0-beta.26)(typescript@5.8.3)
      semver: 7.7.2
      tinyexec: 1.0.1
      tinyglobby: 0.2.14
      unconfig: 7.3.2
    optionalDependencies:
      typescript: 5.8.3
    transitivePeerDependencies:
      - '@typescript/native-preview'
      - oxc-resolver
      - supports-color
      - vue-tsc

  tslib@2.8.1:
    optional: true

  typescript@5.8.3: {}

  ufo@1.6.1: {}

  unconfig@7.3.2:
    dependencies:
      '@quansync/fs': 0.1.3
      defu: 6.1.4
      jiti: 2.4.2
      quansync: 0.2.10

  uncrypto@0.1.3: {}

  undici-types@7.8.0: {}

  unstorage@1.16.0:
    dependencies:
      anymatch: 3.1.3
      chokidar: 4.0.3
      destr: 2.0.5
      h3: 1.15.3
      lru-cache: 10.4.3
      node-fetch-native: 1.6.6
      ofetch: 1.4.1
      ufo: 1.6.1
